
Microsoft Visual Studio Solution File, Format Version 12.00
# Visual Studio Version 16
VisualStudioVersion = 16.0.30621.155
MinimumVisualStudioVersion = 10.0.40219.1
Project("{9A19103F-16F7-4668-BE54-9A1E7A4F7556}") = "Core", "Core\Core.csproj", "{A0CE1043-F88D-49B2-8B96-2E8DAF452AD6}"
EndProject
Project("{9A19103F-16F7-4668-BE54-9A1E7A4F7556}") = "Data", "Data\Data.csproj", "{5B4E7157-6B0C-48FE-99AA-5A7F26D7DA60}"
EndProject
Project("{9A19103F-16F7-4668-BE54-9A1E7A4F7556}") = "Service", "Service\Service.csproj", "{15F67C3E-E5F0-4309-AC10-7ED9A1265221}"
EndProject
Project("{9A19103F-16F7-4668-BE54-9A1E7A4F7556}") = "API", "API\API.csproj", "{AC1ABC49-7568-4E04-9D36-D206F013A5E5}"
EndProject
Project("{9A19103F-16F7-4668-BE54-9A1E7A4F7556}") = "MVC", "MVC\MVC.csproj", "{CD44FD1E-D72E-486F-A914-649112A569D3}"
EndProject
Global
	GlobalSection(SolutionConfigurationPlatforms) = preSolution
		Debug|Any CPU = Debug|Any CPU
		Release|Any CPU = Release|Any CPU
	EndGlobalSection
	GlobalSection(ProjectConfigurationPlatforms) = postSolution
		{A0CE1043-F88D-49B2-8B96-2E8DAF452AD6}.Debug|Any CPU.ActiveCfg = Debug|Any CPU
		{A0CE1043-F88D-49B2-8B96-2E8DAF452AD6}.Debug|Any CPU.Build.0 = Debug|Any CPU
		{A0CE1043-F88D-49B2-8B96-2E8DAF452AD6}.Release|Any CPU.ActiveCfg = Release|Any CPU
		{A0CE1043-F88D-49B2-8B96-2E8DAF452AD6}.Release|Any CPU.Build.0 = Release|Any CPU
		{5B4E7157-6B0C-48FE-99AA-5A7F26D7DA60}.Debug|Any CPU.ActiveCfg = Debug|Any CPU
		{5B4E7157-6B0C-48FE-99AA-5A7F26D7DA60}.Debug|Any CPU.Build.0 = Debug|Any CPU
		{5B4E7157-6B0C-48FE-99AA-5A7F26D7DA60}.Release|Any CPU.ActiveCfg = Release|Any CPU
		{5B4E7157-6B0C-48FE-99AA-5A7F26D7DA60}.Release|Any CPU.Build.0 = Release|Any CPU
		{15F67C3E-E5F0-4309-AC10-7ED9A1265221}.Debug|Any CPU.ActiveCfg = Debug|Any CPU
		{15F67C3E-E5F0-4309-AC10-7ED9A1265221}.Debug|Any CPU.Build.0 = Debug|Any CPU
		{15F67C3E-E5F0-4309-AC10-7ED9A1265221}.Release|Any CPU.ActiveCfg = Release|Any CPU
		{15F67C3E-E5F0-4309-AC10-7ED9A1265221}.Release|Any CPU.Build.0 = Release|Any CPU
		{AC1ABC49-7568-4E04-9D36-D206F013A5E5}.Debug|Any CPU.ActiveCfg = Debug|Any CPU
		{AC1ABC49-7568-4E04-9D36-D206F013A5E5}.Debug|Any CPU.Build.0 = Debug|Any CPU
		{AC1ABC49-7568-4E04-9D36-D206F013A5E5}.Release|Any CPU.ActiveCfg = Release|Any CPU
		{AC1ABC49-7568-4E04-9D36-D206F013A5E5}.Release|Any CPU.Build.0 = Release|Any CPU
		{CD44FD1E-D72E-486F-A914-649112A569D3}.Debug|Any CPU.ActiveCfg = Debug|Any CPU
		{CD44FD1E-D72E-486F-A914-649112A569D3}.Debug|Any CPU.Build.0 = Debug|Any CPU
		{CD44FD1E-D72E-486F-A914-649112A569D3}.Release|Any CPU.ActiveCfg = Release|Any CPU
		{CD44FD1E-D72E-486F-A914-649112A569D3}.Release|Any CPU.Build.0 = Release|Any CPU
	EndGlobalSection
	GlobalSection(SolutionProperties) = preSolution
		HideSolutionNode = FALSE
	EndGlobalSection
	GlobalSection(ExtensibilityGlobals) = postSolution
		SolutionGuid = {CB3B43C8-08A5-440C-A091-5EB31B3F3C92}
	EndGlobalSection
EndGlobal
